// !$*UTF8*$!
{
	archiveVersion = 1;
	classes = {
	};
	objectVersion = 56;
	objects = {

/* Begin PBXBuildFile section */
		2DFC28312A145F10007A4BC8 /* AppDelegate.swift in Sources */ = {isa = PBXBuildFile; fileRef = 2DFC28302A145F10007A4BC8 /* AppDelegate.swift */; };
		2DFC28332A145F10007A4BC8 /* SceneDelegate.swift in Sources */ = {isa = PBXBuildFile; fileRef = 2DFC28322A145F10007A4BC8 /* SceneDelegate.swift */; };
		2DFC28352A145F10007A4BC8 /* ViewController.swift in Sources */ = {isa = PBXBuildFile; fileRef = 2DFC28342A145F10007A4BC8 /* ViewController.swift */; };
		2DFC28382A145F10007A4BC8 /* Main.storyboard in Resources */ = {isa = PBXBuildFile; fileRef = 2DFC28362A145F10007A4BC8 /* Main.storyboard */; };
		2DFC283A2A145F10007A4BC8 /* Assets.xcassets in Resources */ = {isa = PBXBuildFile; fileRef = 2DFC28392A145F10007A4BC8 /* Assets.xcassets */; };
		2DFC283D2A145F10007A4BC8 /* LaunchScreen.storyboard in Resources */ = {isa = PBXBuildFile; fileRef = 2DFC283B2A145F10007A4BC8 /* LaunchScreen.storyboard */; };
		2DFC28452A145F7F007A4BC8 /* ViewModel.swift in Sources */ = {isa = PBXBuildFile; fileRef = 2DFC28442A145F7F007A4BC8 /* ViewModel.swift */; };
		2DFC28472A1462AF007A4BC8 /* Constants.swift in Sources */ = {isa = PBXBuildFile; fileRef = 2DFC28462A1462AF007A4BC8 /* Constants.swift */; };
		2DFC284A2A146773007A4BC8 /* SDWebImage in Frameworks */ = {isa = PBXBuildFile; productRef = 2DFC28492A146773007A4BC8 /* SDWebImage */; };
		2DFC284C2A146889007A4BC8 /* SplashVC.swift in Sources */ = {isa = PBXBuildFile; fileRef = 2DFC284B2A146889007A4BC8 /* SplashVC.swift */; };
		2DFC284E2A147516007A4BC8 /* ViewModelProtocols.swift in Sources */ = {isa = PBXBuildFile; fileRef = 2DFC284D2A147516007A4BC8 /* ViewModelProtocols.swift */; };
		2DFC28502A1475AB007A4BC8 /* Models.swift in Sources */ = {isa = PBXBuildFile; fileRef = 2DFC284F2A1475AB007A4BC8 /* Models.swift */; };
/* End PBXBuildFile section */

/* Begin PBXFileReference section */
		2DFC282D2A145F10007A4BC8 /* WisdomLeafTask_Ajay.app */ = {isa = PBXFileReference; explicitFileType = wrapper.application; includeInIndex = 0; path = WisdomLeafTask_Ajay.app; sourceTree = BUILT_PRODUCTS_DIR; };
		2DFC28302A145F10007A4BC8 /* AppDelegate.swift */ = {isa = PBXFileReference; lastKnownFileType = sourcecode.swift; path = AppDelegate.swift; sourceTree = "<group>"; };
		2DFC28322A145F10007A4BC8 /* SceneDelegate.swift */ = {isa = PBXFileReference; lastKnownFileType = sourcecode.swift; path = SceneDelegate.swift; sourceTree = "<group>"; };
		2DFC28342A145F10007A4BC8 /* ViewController.swift */ = {isa = PBXFileReference; lastKnownFileType = sourcecode.swift; path = ViewController.swift; sourceTree = "<group>"; };
		2DFC28372A145F10007A4BC8 /* Base */ = {isa = PBXFileReference; lastKnownFileType = file.storyboard; name = Base; path = Base.lproj/Main.storyboard; sourceTree = "<group>"; };
		2DFC28392A145F10007A4BC8 /* Assets.xcassets */ = {isa = PBXFileReference; lastKnownFileType = folder.assetcatalog; path = Assets.xcassets; sourceTree = "<group>"; };
		2DFC283C2A145F10007A4BC8 /* Base */ = {isa = PBXFileReference; lastKnownFileType = file.storyboard; name = Base; path = Base.lproj/LaunchScreen.storyboard; sourceTree = "<group>"; };
		2DFC283E2A145F10007A4BC8 /* Info.plist */ = {isa = PBXFileReference; lastKnownFileType = text.plist.xml; path = Info.plist; sourceTree = "<group>"; };
		2DFC28442A145F7F007A4BC8 /* ViewModel.swift */ = {isa = PBXFileReference; lastKnownFileType = sourcecode.swift; path = ViewModel.swift; sourceTree = "<group>"; };
		2DFC28462A1462AF007A4BC8 /* Constants.swift */ = {isa = PBXFileReference; lastKnownFileType = sourcecode.swift; path = Constants.swift; sourceTree = "<group>"; };
		2DFC284B2A146889007A4BC8 /* SplashVC.swift */ = {isa = PBXFileReference; lastKnownFileType = sourcecode.swift; path = SplashVC.swift; sourceTree = "<group>"; };
		2DFC284D2A147516007A4BC8 /* ViewModelProtocols.swift */ = {isa = PBXFileReference; lastKnownFileType = sourcecode.swift; path = ViewModelProtocols.swift; sourceTree = "<group>"; };
		2DFC284F2A1475AB007A4BC8 /* Models.swift */ = {isa = PBXFileReference; lastKnownFileType = sourcecode.swift; path = Models.swift; sourceTree = "<group>"; };
/* End PBXFileReference section */

/* Begin PBXFrameworksBuildPhase section */
		2DFC282A2A145F10007A4BC8 /* Frameworks */ = {
			isa = PBXFrameworksBuildPhase;
			buildActionMask = 2147483647;
			files = (
				2DFC284A2A146773007A4BC8 /* SDWebImage in Frameworks */,
			);
			runOnlyForDeploymentPostprocessing = 0;
		};
/* End PBXFrameworksBuildPhase section */

/* Begin PBXGroup section */
		2DFC28242A145F10007A4BC8 = {
			isa = PBXGroup;
			children = (
				2DFC282F2A145F10007A4BC8 /* WisdomLeafTask_Ajay */,
				2DFC282E2A145F10007A4BC8 /* Products */,
			);
			sourceTree = "<group>";
		};
		2DFC282E2A145F10007A4BC8 /* Products */ = {
			isa = PBXGroup;
			children = (
				2DFC282D2A145F10007A4BC8 /* WisdomLeafTask_Ajay.app */,
			);
			name = Products;
			sourceTree = "<group>";
		};
		2DFC282F2A145F10007A4BC8 /* WisdomLeafTask_Ajay */ = {
			isa = PBXGroup;
			children = (
				2DFC28462A1462AF007A4BC8 /* Constants.swift */,
				2DFC28552A14760E007A4BC8 /* Delegates */,
				2DFC28532A1475F8007A4BC8 /* Models */,
				2DFC28542A147603007A4BC8 /* ViewModels */,
				2DFC28512A1475DD007A4BC8 /* ViewControllers */,
				2DFC28362A145F10007A4BC8 /* Main.storyboard */,
				2DFC28392A145F10007A4BC8 /* Assets.xcassets */,
				2DFC283B2A145F10007A4BC8 /* LaunchScreen.storyboard */,
				2DFC283E2A145F10007A4BC8 /* Info.plist */,
			);
			path = WisdomLeafTask_Ajay;
			sourceTree = "<group>";
		};
		2DFC28512A1475DD007A4BC8 /* ViewControllers */ = {
			isa = PBXGroup;
			children = (
				2DFC284B2A146889007A4BC8 /* SplashVC.swift */,
				2DFC28342A145F10007A4BC8 /* ViewController.swift */,
			);
			path = ViewControllers;
			sourceTree = "<group>";
		};
		2DFC28532A1475F8007A4BC8 /* Models */ = {
			isa = PBXGroup;
			children = (
				2DFC284F2A1475AB007A4BC8 /* Models.swift */,
			);
			path = Models;
			sourceTree = "<group>";
		};
		2DFC28542A147603007A4BC8 /* ViewModels */ = {
			isa = PBXGroup;
			children = (
				2DFC28442A145F7F007A4BC8 /* ViewModel.swift */,
				2DFC284D2A147516007A4BC8 /* ViewModelProtocols.swift */,
			);
			path = ViewModels;
			sourceTree = "<group>";
		};
		2DFC28552A14760E007A4BC8 /* Delegates */ = {
			isa = PBXGroup;
			children = (
				2DFC28302A145F10007A4BC8 /* AppDelegate.swift */,
				2DFC28322A145F10007A4BC8 /* SceneDelegate.swift */,
			);
			path = Delegates;
			sourceTree = "<group>";
		};
/* End PBXGroup section */

/* Begin PBXNativeTarget section */
		2DFC282C2A145F10007A4BC8 /* WisdomLeafTask_Ajay */ = {
			isa = PBXNativeTarget;
			buildConfigurationList = 2DFC28412A145F10007A4BC8 /* Build configuration list for PBXNativeTarget "WisdomLeafTask_Ajay" */;
			buildPhases = (
				2DFC28292A145F10007A4BC8 /* Sources */,
				2DFC282A2A145F10007A4BC8 /* Frameworks */,
				2DFC282B2A145F10007A4BC8 /* Resources */,
			);
			buildRules = (
			);
			dependencies = (
			);
			name = WisdomLeafTask_Ajay;
			packageProductDependencies = (
				2DFC28492A146773007A4BC8 /* SDWebImage */,
			);
			productName = WisdomLeafTask_Ajay;
			productReference = 2DFC282D2A145F10007A4BC8 /* WisdomLeafTask_Ajay.app */;
			productType = "com.apple.product-type.application";
		};
/* End PBXNativeTarget section */

/* Begin PBXProject section */
		2DFC28252A145F10007A4BC8 /* Project object */ = {
			isa = PBXProject;
			attributes = {
				BuildIndependentTargetsInParallel = 1;
				LastSwiftUpdateCheck = 1430;
				LastUpgradeCheck = 1430;
				TargetAttributes = {
					2DFC282C2A145F10007A4BC8 = {
						CreatedOnToolsVersion = 14.3;
					};
				};
			};
			buildConfigurationList = 2DFC28282A145F10007A4BC8 /* Build configuration list for PBXProject "WisdomLeafTask_Ajay" */;
			compatibilityVersion = "Xcode 14.0";
			developmentRegion = en;
			hasScannedForEncodings = 0;
			knownRegions = (
				en,
				Base,
			);
			mainGroup = 2DFC28242A145F10007A4BC8;
			packageReferences = (
				2DFC28482A146773007A4BC8 /* XCRemoteSwiftPackageReference "SDWebImage" */,
			);
			productRefGroup = 2DFC282E2A145F10007A4BC8 /* Products */;
			projectDirPath = "";
			projectRoot = "";
			targets = (
				2DFC282C2A145F10007A4BC8 /* WisdomLeafTask_Ajay */,
			);
		};
/* End PBXProject section */

/* Begin PBXResourcesBuildPhase section */
		2DFC282B2A145F10007A4BC8 /* Resources */ = {
			isa = PBXResourcesBuildPhase;
			buildActionMask = 2147483647;
			files = (
				2DFC283D2A145F10007A4BC8 /* LaunchScreen.storyboard in Resources */,
				2DFC283A2A145F10007A4BC8 /* Assets.xcassets in Resources */,
				2DFC28382A145F10007A4BC8 /* Main.storyboard in Resources */,
			);
			runOnlyForDeploymentPostprocessing = 0;
		};
/* End PBXResourcesBuildPhase section */

/* Begin PBXSourcesBuildPhase section */
		2DFC28292A145F10007A4BC8 /* Sources */ = {
			isa = PBXSourcesBuildPhase;
			buildActionMask = 2147483647;
			files = (
				2DFC28472A1462AF007A4BC8 /* Constants.swift in Sources */,
				2DFC284E2A147516007A4BC8 /* ViewModelProtocols.swift in Sources */,
				2DFC28352A145F10007A4BC8 /* ViewController.swift in Sources */,
				2DFC28502A1475AB007A4BC8 /* Models.swift in Sources */,
				2DFC28312A145F10007A4BC8 /* AppDelegate.swift in Sources */,
				2DFC28452A145F7F007A4BC8 /* ViewModel.swift in Sources */,
				2DFC28332A145F10007A4BC8 /* SceneDelegate.swift in Sources */,
				2DFC284C2A146889007A4BC8 /* SplashVC.swift in Sources */,
			);
			runOnlyForDeploymentPostprocessing = 0;
		};
/* End PBXSourcesBuildPhase section */

/* Begin PBXVariantGroup section */
		2DFC28362A145F10007A4BC8 /* Main.storyboard */ = {
			isa = PBXVariantGroup;
			children = (
				2DFC28372A145F10007A4BC8 /* Base */,
			);
			name = Main.storyboard;
			sourceTree = "<group>";
		};
		2DFC283B2A145F10007A4BC8 /* LaunchScreen.storyboard */ = {
			isa = PBXVariantGroup;
			children = (
				2DFC283C2A145F10007A4BC8 /* Base */,
			);
			name = LaunchScreen.storyboard;
			sourceTree = "<group>";
		};
/* End PBXVariantGroup section */

/* Begin XCBuildConfiguration section */
		2DFC283F2A145F10007A4BC8 /* Debug */ = {
			isa = XCBuildConfiguration;
			buildSettings = {
				ALWAYS_SEARCH_USER_PATHS = NO;
				CLANG_ANALYZER_NONNULL = YES;
				CLANG_ANALYZER_NUMBER_OBJECT_CONVERSION = YES_AGGRESSIVE;
				CLANG_CXX_LANGUAGE_STANDARD = "gnu++20";
				CLANG_ENABLE_MODULES = YES;
				CLANG_ENABLE_OBJC_ARC = YES;
				CLANG_ENABLE_OBJC_WEAK = YES;
				CLANG_WARN_BLOCK_CAPTURE_AUTORELEASING = YES;
				CLANG_WARN_BOOL_CONVERSION = YES;
				CLANG_WARN_COMMA = YES;
				CLANG_WARN_CONSTANT_CONVERSION = YES;
				CLANG_WARN_DEPRECATED_OBJC_IMPLEMENTATIONS = YES;
				CLANG_WARN_DIRECT_OBJC_ISA_USAGE = YES_ERROR;
				CLANG_WARN_DOCUMENTATION_COMMENTS = YES;
				CLANG_WARN_EMPTY_BODY = YES;
				CLANG_WARN_ENUM_CONVERSION = YES;
				CLANG_WARN_INFINITE_RECURSION = YES;
				CLANG_WARN_INT_CONVERSION = YES;
				CLANG_WARN_NON_LITERAL_NULL_CONVERSION = YES;
				CLANG_WARN_OBJC_IMPLICIT_RETAIN_SELF = YES;
				CLANG_WARN_OBJC_LITERAL_CONVERSION = YES;
				CLANG_WARN_OBJC_ROOT_CLASS = YES_ERROR;
				CLANG_WARN_QUOTED_INCLUDE_IN_FRAMEWORK_HEADER = YES;
				CLANG_WARN_RANGE_LOOP_ANALYSIS = YES;
				CLANG_WARN_STRICT_PROTOTYPES = YES;
				CLANG_WARN_SUSPICIOUS_MOVE = YES;
				CLANG_WARN_UNGUARDED_AVAILABILITY = YES_AGGRESSIVE;
				CLANG_WARN_UNREACHABLE_CODE = YES;
				CLANG_WARN__DUPLICATE_METHOD_MATCH = YES;
				COPY_PHASE_STRIP = NO;
				DEBUG_INFORMATION_FORMAT = dwarf;
				ENABLE_STRICT_OBJC_MSGSEND = YES;
				ENABLE_TESTABILITY = YES;
				GCC_C_LANGUAGE_STANDARD = gnu11;
				GCC_DYNAMIC_NO_PIC = NO;
				GCC_NO_COMMON_BLOCKS = YES;
				GCC_OPTIMIZATION_LEVEL = 0;
				GCC_PREPROCESSOR_DEFINITIONS = (
					"DEBUG=1",
					"$(inherited)",
				);
				GCC_WARN_64_TO_32_BIT_CONVERSION = YES;
				GCC_WARN_ABOUT_RETURN_TYPE = YES_ERROR;
				GCC_WARN_UNDECLARED_SELECTOR = YES;
				GCC_WARN_UNINITIALIZED_AUTOS = YES_AGGRESSIVE;
				GCC_WARN_UNUSED_FUNCTION = YES;
				GCC_WARN_UNUSED_VARIABLE = YES;
				IPHONEOS_DEPLOYMENT_TARGET = 16.4;
				MTL_ENABLE_DEBUG_INFO = INCLUDE_SOURCE;
				MTL_FAST_MATH = YES;
				ONLY_ACTIVE_ARCH = YES;
				SDKROOT = iphoneos;
				SWIFT_ACTIVE_COMPILATION_CONDITIONS = DEBUG;
				SWIFT_OPTIMIZATION_LEVEL = "-Onone";
			};
			name = Debug;
		};
		2DFC28402A145F10007A4BC8 /* Release */ = {
			isa = XCBuildConfiguration;
			buildSettings = {
				ALWAYS_SEARCH_USER_PATHS = NO;
				CLANG_ANALYZER_NONNULL = YES;
				CLANG_ANALYZER_NUMBER_OBJECT_CONVERSION = YES_AGGRESSIVE;
				CLANG_CXX_LANGUAGE_STANDARD = "gnu++20";
				CLANG_ENABLE_MODULES = YES;
				CLANG_ENABLE_OBJC_ARC = YES;
				CLANG_ENABLE_OBJC_WEAK = YES;
				CLANG_WARN_BLOCK_CAPTURE_AUTORELEASING = YES;
				CLANG_WARN_BOOL_CONVERSION = YES;
				CLANG_WARN_COMMA = YES;
				CLANG_WARN_CONSTANT_CONVERSION = YES;
				CLANG_WARN_DEPRECATED_OBJC_IMPLEMENTATIONS = YES;
				CLANG_WARN_DIRECT_OBJC_ISA_USAGE = YES_ERROR;
				CLANG_WARN_DOCUMENTATION_COMMENTS = YES;
				CLANG_WARN_EMPTY_BODY = YES;
				CLANG_WARN_ENUM_CONVERSION = YES;
				CLANG_WARN_INFINITE_RECURSION = YES;
				CLANG_WARN_INT_CONVERSION = YES;
				CLANG_WARN_NON_LITERAL_NULL_CONVERSION = YES;
				CLANG_WARN_OBJC_IMPLICIT_RETAIN_SELF = YES;
				CLANG_WARN_OBJC_LITERAL_CONVERSION = YES;
				CLANG_WARN_OBJC_ROOT_CLASS = YES_ERROR;
				CLANG_WARN_QUOTED_INCLUDE_IN_FRAMEWORK_HEADER = YES;
				CLANG_WARN_RANGE_LOOP_ANALYSIS = YES;
				CLANG_WARN_STRICT_PROTOTYPES = YES;
				CLANG_WARN_SUSPICIOUS_MOVE = YES;
				CLANG_WARN_UNGUARDED_AVAILABILITY = YES_AGGRESSIVE;
				CLANG_WARN_UNREACHABLE_CODE = YES;
				CLANG_WARN__DUPLICATE_METHOD_MATCH = YES;
				COPY_PHASE_STRIP = NO;
				DEBUG_INFORMATION_FORMAT = "dwarf-with-dsym";
				ENABLE_NS_ASSERTIONS = NO;
				ENABLE_STRICT_OBJC_MSGSEND = YES;
				GCC_C_LANGUAGE_STANDARD = gnu11;
				GCC_NO_COMMON_BLOCKS = YES;
				GCC_WARN_64_TO_32_BIT_CONVERSION = YES;
				GCC_WARN_ABOUT_RETURN_TYPE = YES_ERROR;
				GCC_WARN_UNDECLARED_SELECTOR = YES;
				GCC_WARN_UNINITIALIZED_AUTOS = YES_AGGRESSIVE;
				GCC_WARN_UNUSED_FUNCTION = YES;
				GCC_WARN_UNUSED_VARIABLE = YES;
				IPHONEOS_DEPLOYMENT_TARGET = 16.4;
				MTL_ENABLE_DEBUG_INFO = NO;
				MTL_FAST_MATH = YES;
				SDKROOT = iphoneos;
				SWIFT_COMPILATION_MODE = wholemodule;
				SWIFT_OPTIMIZATION_LEVEL = "-O";
				VALIDATE_PRODUCT = YES;
			};
			name = Release;
		};
		2DFC28422A145F10007A4BC8 /* Debug */ = {
			isa = XCBuildConfiguration;
			buildSettings = {
				ASSETCATALOG_COMPILER_APPICON_NAME = AppIcon;
				ASSETCATALOG_COMPILER_GLOBAL_ACCENT_COLOR_NAME = AccentColor;
				CODE_SIGN_STYLE = Automatic;
				CURRENT_PROJECT_VERSION = 1;
				DEVELOPMENT_TEAM = M662CH3H25;
				GENERATE_INFOPLIST_FILE = YES;
				INFOPLIST_FILE = WisdomLeafTask_Ajay/Info.plist;
				INFOPLIST_KEY_UIApplicationSupportsIndirectInputEvents = YES;
				INFOPLIST_KEY_UILaunchStoryboardName = LaunchScreen;
				INFOPLIST_KEY_UIMainStoryboardFile = Main;
				INFOPLIST_KEY_UISupportedInterfaceOrientations_iPad = "UIInterfaceOrientationPortrait UIInterfaceOrientationPortraitUpsideDown UIInterfaceOrientationLandscapeLeft UIInterfaceOrientationLandscapeRight";
				INFOPLIST_KEY_UISupportedInterfaceOrientations_iPhone = "UIInterfaceOrientationPortrait UIInterfaceOrientationLandscapeLeft UIInterfaceOrientationLandscapeRight";
				IPHONEOS_DEPLOYMENT_TARGET = 12.0;
				LD_RUNPATH_SEARCH_PATHS = (
					"$(inherited)",
					"@executable_path/Frameworks",
				);
				MARKETING_VERSION = 1.0;
				PRODUCT_BUNDLE_IDENTIFIER = "com.WisdomLeafTask-Ajay";
				PRODUCT_NAME = "$(TARGET_NAME)";
				SWIFT_EMIT_LOC_STRINGS = YES;
				SWIFT_VERSION = 5.0;
				TARGETED_DEVICE_FAMILY = "1,2";
			};
			name = Debug;
		};
		2DFC28432A145F10007A4BC8 /* Release */ = {
			isa = XCBuildConfiguration;
			buildSettings = {
				ASSETCATALOG_COMPILER_APPICON_NAME = AppIcon;
				ASSETCATALOG_COMPILER_GLOBAL_ACCENT_COLOR_NAME = AccentColor;
				CODE_SIGN_STYLE = Automatic;
				CURRENT_PROJECT_VERSION = 1;
				DEVELOPMENT_TEAM = M662CH3H25;
				GENERATE_INFOPLIST_FILE = YES;
				INFOPLIST_FILE = WisdomLeafTask_Ajay/Info.plist;
				INFOPLIST_KEY_UIApplicationSupportsIndirectInputEvents = YES;
				INFOPLIST_KEY_UILaunchStoryboardName = LaunchScreen;
				INFOPLIST_KEY_UIMainStoryboardFile = Main;
				INFOPLIST_KEY_UISupportedInterfaceOrientations_iPad = "UIInterfaceOrientationPortrait UIInterfaceOrientationPortraitUpsideDown UIInterfaceOrientationLandscapeLeft UIInterfaceOrientationLandscapeRight";
				INFOPLIST_KEY_UISupportedInterfaceOrientations_iPhone = "UIInterfaceOrientationPortrait UIInterfaceOrientationLandscapeLeft UIInterfaceOrientationLandscapeRight";
				IPHONEOS_DEPLOYMENT_TARGET = 12.0;
				LD_RUNPATH_SEARCH_PATHS = (
					"$(inherited)",
					"@executable_path/Frameworks",
				);
				MARKETING_VERSION = 1.0;
				PRODUCT_BUNDLE_IDENTIFIER = "com.WisdomLeafTask-Ajay";
				PRODUCT_NAME = "$(TARGET_NAME)";
				SWIFT_EMIT_LOC_STRINGS = YES;
				SWIFT_VERSION = 5.0;
				TARGETED_DEVICE_FAMILY = "1,2";
			};
			name = Release;
		};
/* End XCBuildConfiguration section */

/* Begin XCConfigurationList section */
		2DFC28282A145F10007A4BC8 /* Build configuration list for PBXProject "WisdomLeafTask_Ajay" */ = {
			isa = XCConfigurationList;
			buildConfigurations = (
				2DFC283F2A145F10007A4BC8 /* Debug */,
				2DFC28402A145F10007A4BC8 /* Release */,
			);
			defaultConfigurationIsVisible = 0;
			defaultConfigurationName = Release;
		};
		2DFC28412A145F10007A4BC8 /* Build configuration list for PBXNativeTarget "WisdomLeafTask_Ajay" */ = {
			isa = XCConfigurationList;
			buildConfigurations = (
				2DFC28422A145F10007A4BC8 /* Debug */,
				2DFC28432A145F10007A4BC8 /* Release */,
			);
			defaultConfigurationIsVisible = 0;
			defaultConfigurationName = Release;
		};
/* End XCConfigurationList section */

/* Begin XCRemoteSwiftPackageReference section */
		2DFC28482A146773007A4BC8 /* XCRemoteSwiftPackageReference "SDWebImage" */ = {
			isa = XCRemoteSwiftPackageReference;
			repositoryURL = "https://github.com/SDWebImage/SDWebImage.git";
			requirement = {
				kind = upToNextMajorVersion;
				minimumVersion = 5.0.0;
			};
		};
/* End XCRemoteSwiftPackageReference section */

/* Begin XCSwiftPackageProductDependency section */
		2DFC28492A146773007A4BC8 /* SDWebImage */ = {
			isa = XCSwiftPackageProductDependency;
			package = 2DFC28482A146773007A4BC8 /* XCRemoteSwiftPackageReference "SDWebImage" */;
			productName = SDWebImage;
		};
/* End XCSwiftPackageProductDependency section */
	};
	rootObject = 2DFC28252A145F10007A4BC8 /* Project object */;
}
